
Microsoft Visual Studio Solution File, Format Version 12.00
# Visual Studio Version 17
VisualStudioVersion = 17.4.33103.184
MinimumVisualStudioVersion = 10.0.40219.1
Project("{9A19103F-16F7-4668-BE54-9A1E7A4F7556}") = "01_ISP", "01_ISP\01_ISP.csproj", "{6E704A30-FED4-4882-B058-CAE0340417F1}"
EndProject
Project("{FAE04EC0-301F-11D3-BF4B-00C04F79EFBC}") = "02_ISP", "02_ISP\02_ISP.csproj", "{7BA8BA58-CCDF-4D37-88C6-DFF125C17C31}"
EndProject
Project("{FAE04EC0-301F-11D3-BF4B-00C04F79EFBC}") = "03_ISP", "03_ISP\03_ISP.csproj", "{A089BA61-0296-43E9-ACAC-E24B534BD2A9}"
EndProject
Global
	GlobalSection(SolutionConfigurationPlatforms) = preSolution
		Debug|Any CPU = Debug|Any CPU
		Release|Any CPU = Release|Any CPU
	EndGlobalSection
	GlobalSection(ProjectConfigurationPlatforms) = postSolution
		{6E704A30-FED4-4882-B058-CAE0340417F1}.Debug|Any CPU.ActiveCfg = Debug|Any CPU
		{6E704A30-FED4-4882-B058-CAE0340417F1}.Debug|Any CPU.Build.0 = Debug|Any CPU
		{6E704A30-FED4-4882-B058-CAE0340417F1}.Release|Any CPU.ActiveCfg = Release|Any CPU
		{6E704A30-FED4-4882-B058-CAE0340417F1}.Release|Any CPU.Build.0 = Release|Any CPU
		{7BA8BA58-CCDF-4D37-88C6-DFF125C17C31}.Debug|Any CPU.ActiveCfg = Debug|Any CPU
		{7BA8BA58-CCDF-4D37-88C6-DFF125C17C31}.Debug|Any CPU.Build.0 = Debug|Any CPU
		{7BA8BA58-CCDF-4D37-88C6-DFF125C17C31}.Release|Any CPU.ActiveCfg = Release|Any CPU
		{7BA8BA58-CCDF-4D37-88C6-DFF125C17C31}.Release|Any CPU.Build.0 = Release|Any CPU
		{A089BA61-0296-43E9-ACAC-E24B534BD2A9}.Debug|Any CPU.ActiveCfg = Debug|Any CPU
		{A089BA61-0296-43E9-ACAC-E24B534BD2A9}.Debug|Any CPU.Build.0 = Debug|Any CPU
		{A089BA61-0296-43E9-ACAC-E24B534BD2A9}.Release|Any CPU.ActiveCfg = Release|Any CPU
		{A089BA61-0296-43E9-ACAC-E24B534BD2A9}.Release|Any CPU.Build.0 = Release|Any CPU
	EndGlobalSection
	GlobalSection(SolutionProperties) = preSolution
		HideSolutionNode = FALSE
	EndGlobalSection
	GlobalSection(ExtensibilityGlobals) = postSolution
		SolutionGuid = {EE86F799-D907-491D-95C0-0CF046CC2EFB}
	EndGlobalSection
EndGlobal
