
Microsoft Visual Studio Solution File, Format Version 12.00
# Visual Studio Version 17
VisualStudioVersion = 17.4.33122.133
MinimumVisualStudioVersion = 10.0.40219.1
Project("{FAE04EC0-301F-11D3-BF4B-00C04F79EFBC}") = "01_DIP", "01_DIP\01_DIP.csproj", "{32A04950-F824-46B6-8B63-69734FBD71EF}"
EndProject
Project("{FAE04EC0-301F-11D3-BF4B-00C04F79EFBC}") = "02_DIP", "02_DIP\02_DIP.csproj", "{C115E70D-9ED3-4AF5-8AE0-2FE0C21C08B8}"
EndProject
Project("{FAE04EC0-301F-11D3-BF4B-00C04F79EFBC}") = "03_DIP", "03_DIP\03_DIP.csproj", "{516A4DC4-6731-4E7D-BA84-FC43253942D7}"
EndProject
Global
	GlobalSection(SolutionConfigurationPlatforms) = preSolution
		Debug|Any CPU = Debug|Any CPU
		Release|Any CPU = Release|Any CPU
	EndGlobalSection
	GlobalSection(ProjectConfigurationPlatforms) = postSolution
		{32A04950-F824-46B6-8B63-69734FBD71EF}.Debug|Any CPU.ActiveCfg = Debug|Any CPU
		{32A04950-F824-46B6-8B63-69734FBD71EF}.Debug|Any CPU.Build.0 = Debug|Any CPU
		{32A04950-F824-46B6-8B63-69734FBD71EF}.Release|Any CPU.ActiveCfg = Release|Any CPU
		{32A04950-F824-46B6-8B63-69734FBD71EF}.Release|Any CPU.Build.0 = Release|Any CPU
		{C115E70D-9ED3-4AF5-8AE0-2FE0C21C08B8}.Debug|Any CPU.ActiveCfg = Debug|Any CPU
		{C115E70D-9ED3-4AF5-8AE0-2FE0C21C08B8}.Debug|Any CPU.Build.0 = Debug|Any CPU
		{C115E70D-9ED3-4AF5-8AE0-2FE0C21C08B8}.Release|Any CPU.ActiveCfg = Release|Any CPU
		{C115E70D-9ED3-4AF5-8AE0-2FE0C21C08B8}.Release|Any CPU.Build.0 = Release|Any CPU
		{516A4DC4-6731-4E7D-BA84-FC43253942D7}.Debug|Any CPU.ActiveCfg = Debug|Any CPU
		{516A4DC4-6731-4E7D-BA84-FC43253942D7}.Debug|Any CPU.Build.0 = Debug|Any CPU
		{516A4DC4-6731-4E7D-BA84-FC43253942D7}.Release|Any CPU.ActiveCfg = Release|Any CPU
		{516A4DC4-6731-4E7D-BA84-FC43253942D7}.Release|Any CPU.Build.0 = Release|Any CPU
	EndGlobalSection
	GlobalSection(SolutionProperties) = preSolution
		HideSolutionNode = FALSE
	EndGlobalSection
	GlobalSection(ExtensibilityGlobals) = postSolution
		SolutionGuid = {49D0FCBA-EA08-4D3F-8AA9-E97460F6E4B4}
	EndGlobalSection
EndGlobal
